
Microsoft Visual Studio Solution File, Format Version 12.00
# Visual Studio 15
VisualStudioVersion = 15.0.27703.2000
MinimumVisualStudioVersion = 10.0.40219.1
Project("{FAE04EC0-301F-11D3-BF4B-00C04F79EFBC}") = "ItNepal.ConsoleApp", "ItNepal.ConsoleApp\ItNepal.ConsoleApp.csproj", "{BB99CB98-4603-4083-928A-0B077972D28D}"
EndProject
Project("{FAE04EC0-301F-11D3-BF4B-00C04F79EFBC}") = "ItNepal.Math", "ItNepal.Math\ItNepal.Math.csproj", "{251D42AC-1E7D-417C-9B91-0E2ECA956A73}"
EndProject
Project("{FAE04EC0-301F-11D3-BF4B-00C04F79EFBC}") = "ItNepal.DesktopApp", "ItNepal.DesktopApp\ItNepal.DesktopApp.csproj", "{85620125-AD73-4CEE-B27E-E57CE669EBE5}"
EndProject
Global
	GlobalSection(SolutionConfigurationPlatforms) = preSolution
		Debug|Any CPU = Debug|Any CPU
		Release|Any CPU = Release|Any CPU
	EndGlobalSection
	GlobalSection(ProjectConfigurationPlatforms) = postSolution
		{BB99CB98-4603-4083-928A-0B077972D28D}.Debug|Any CPU.ActiveCfg = Debug|Any CPU
		{BB99CB98-4603-4083-928A-0B077972D28D}.Debug|Any CPU.Build.0 = Debug|Any CPU
		{BB99CB98-4603-4083-928A-0B077972D28D}.Release|Any CPU.ActiveCfg = Release|Any CPU
		{BB99CB98-4603-4083-928A-0B077972D28D}.Release|Any CPU.Build.0 = Release|Any CPU
		{251D42AC-1E7D-417C-9B91-0E2ECA956A73}.Debug|Any CPU.ActiveCfg = Debug|Any CPU
		{251D42AC-1E7D-417C-9B91-0E2ECA956A73}.Debug|Any CPU.Build.0 = Debug|Any CPU
		{251D42AC-1E7D-417C-9B91-0E2ECA956A73}.Release|Any CPU.ActiveCfg = Release|Any CPU
		{251D42AC-1E7D-417C-9B91-0E2ECA956A73}.Release|Any CPU.Build.0 = Release|Any CPU
		{85620125-AD73-4CEE-B27E-E57CE669EBE5}.Debug|Any CPU.ActiveCfg = Debug|Any CPU
		{85620125-AD73-4CEE-B27E-E57CE669EBE5}.Debug|Any CPU.Build.0 = Debug|Any CPU
		{85620125-AD73-4CEE-B27E-E57CE669EBE5}.Release|Any CPU.ActiveCfg = Release|Any CPU
		{85620125-AD73-4CEE-B27E-E57CE669EBE5}.Release|Any CPU.Build.0 = Release|Any CPU
	EndGlobalSection
	GlobalSection(SolutionProperties) = preSolution
		HideSolutionNode = FALSE
	EndGlobalSection
	GlobalSection(ExtensibilityGlobals) = postSolution
		SolutionGuid = {6ACE910B-9202-4E2F-BF6C-EF0C8530D108}
	EndGlobalSection
EndGlobal
